// !$*UTF8*$!
{
	archiveVersion = 1;
	classes = {
	};
	objectVersion = 56;
	objects = {

/* Begin PBXBuildFile section */
		6B308B722AEA628B004C366F /* DetailViewController.swift in Sources */ = {isa = PBXBuildFile; fileRef = 6B308B712AEA628B004C366F /* DetailViewController.swift */; };
		6B308B742AEA8A5D004C366F /* AddContactViewController.swift in Sources */ = {isa = PBXBuildFile; fileRef = 6B308B732AEA8A5D004C366F /* AddContactViewController.swift */; };
		6B53A3692AE8EF1400FBCEA7 /* AppDelegate.swift in Sources */ = {isa = PBXBuildFile; fileRef = 6B53A3682AE8EF1400FBCEA7 /* AppDelegate.swift */; };
		6B53A36B2AE8EF1400FBCEA7 /* SceneDelegate.swift in Sources */ = {isa = PBXBuildFile; fileRef = 6B53A36A2AE8EF1400FBCEA7 /* SceneDelegate.swift */; };
		6B53A36D2AE8EF1400FBCEA7 /* ViewController.swift in Sources */ = {isa = PBXBuildFile; fileRef = 6B53A36C2AE8EF1400FBCEA7 /* ViewController.swift */; };
		6B53A3702AE8EF1400FBCEA7 /* Main.storyboard in Resources */ = {isa = PBXBuildFile; fileRef = 6B53A36E2AE8EF1400FBCEA7 /* Main.storyboard */; };
		6B53A3732AE8EF1400FBCEA7 /* PhoneContacts.xcdatamodeld in Sources */ = {isa = PBXBuildFile; fileRef = 6B53A3712AE8EF1400FBCEA7 /* PhoneContacts.xcdatamodeld */; };
		6B53A3752AE8EF1400FBCEA7 /* Assets.xcassets in Resources */ = {isa = PBXBuildFile; fileRef = 6B53A3742AE8EF1400FBCEA7 /* Assets.xcassets */; };
		6B53A3782AE8EF1400FBCEA7 /* LaunchScreen.storyboard in Resources */ = {isa = PBXBuildFile; fileRef = 6B53A3762AE8EF1400FBCEA7 /* LaunchScreen.storyboard */; };
		6B53A3802AE8F25600FBCEA7 /* ContactsTableViewController.swift in Sources */ = {isa = PBXBuildFile; fileRef = 6B53A37F2AE8F25600FBCEA7 /* ContactsTableViewController.swift */; };
		6B53A3872AE8F56C00FBCEA7 /* ContactListView.swift in Sources */ = {isa = PBXBuildFile; fileRef = 6B53A3862AE8F56C00FBCEA7 /* ContactListView.swift */; };
		6B53A3892AE8FD4E00FBCEA7 /* ContactsManagerProtocol.swift in Sources */ = {isa = PBXBuildFile; fileRef = 6B53A3882AE8FD4E00FBCEA7 /* ContactsManagerProtocol.swift */; };
		6B53A38B2AE8FD9200FBCEA7 /* ContactModel.swift in Sources */ = {isa = PBXBuildFile; fileRef = 6B53A38A2AE8FD9200FBCEA7 /* ContactModel.swift */; };
		6B53A38D2AE8FE1300FBCEA7 /* JSONContactsManager.swift in Sources */ = {isa = PBXBuildFile; fileRef = 6B53A38C2AE8FE1300FBCEA7 /* JSONContactsManager.swift */; };
		6B53A38F2AE8FEDA00FBCEA7 /* CoreDataContactsManager.swift in Sources */ = {isa = PBXBuildFile; fileRef = 6B53A38E2AE8FEDA00FBCEA7 /* CoreDataContactsManager.swift */; };
		6B53A3912AE8FEE300FBCEA7 /* FirebaseContactsManager.swift in Sources */ = {isa = PBXBuildFile; fileRef = 6B53A3902AE8FEE300FBCEA7 /* FirebaseContactsManager.swift */; };
		6B53A3932AE901C500FBCEA7 /* Resources.swift in Sources */ = {isa = PBXBuildFile; fileRef = 6B53A3922AE901C500FBCEA7 /* Resources.swift */; };
		6B99774E2AFE4F5000508D3A /* ContactDetailView.swift in Sources */ = {isa = PBXBuildFile; fileRef = 6B99774D2AFE4F5000508D3A /* ContactDetailView.swift */; };
		6BEE81E92AEBCCFC009FA05C /* EditContactController.swift in Sources */ = {isa = PBXBuildFile; fileRef = 6BEE81E82AEBCCFC009FA05C /* EditContactController.swift */; };
		6BEE81EE2AF11613009FA05C /* FirebaseAnalytics in Frameworks */ = {isa = PBXBuildFile; productRef = 6BEE81ED2AF11613009FA05C /* FirebaseAnalytics */; };
		6BEE81F02AF11613009FA05C /* FirebaseAnalyticsOnDeviceConversion in Frameworks */ = {isa = PBXBuildFile; productRef = 6BEE81EF2AF11613009FA05C /* FirebaseAnalyticsOnDeviceConversion */; };
		6BEE81F22AF11613009FA05C /* FirebaseAnalyticsSwift in Frameworks */ = {isa = PBXBuildFile; productRef = 6BEE81F12AF11613009FA05C /* FirebaseAnalyticsSwift */; };
		6BEE81F42AF11613009FA05C /* FirebaseAnalyticsWithoutAdIdSupport in Frameworks */ = {isa = PBXBuildFile; productRef = 6BEE81F32AF11613009FA05C /* FirebaseAnalyticsWithoutAdIdSupport */; };
		6BEE81F62AF11613009FA05C /* FirebaseAppCheck in Frameworks */ = {isa = PBXBuildFile; productRef = 6BEE81F52AF11613009FA05C /* FirebaseAppCheck */; };
		6BEE81F82AF11613009FA05C /* FirebaseAppDistribution-Beta in Frameworks */ = {isa = PBXBuildFile; productRef = 6BEE81F72AF11613009FA05C /* FirebaseAppDistribution-Beta */; };
		6BEE81FA2AF11613009FA05C /* FirebaseAuth in Frameworks */ = {isa = PBXBuildFile; productRef = 6BEE81F92AF11613009FA05C /* FirebaseAuth */; };
		6BEE81FC2AF11613009FA05C /* FirebaseAuthCombine-Community in Frameworks */ = {isa = PBXBuildFile; productRef = 6BEE81FB2AF11613009FA05C /* FirebaseAuthCombine-Community */; };
		6BEE81FE2AF11613009FA05C /* FirebaseCrashlytics in Frameworks */ = {isa = PBXBuildFile; productRef = 6BEE81FD2AF11613009FA05C /* FirebaseCrashlytics */; };
		6BEE82002AF11613009FA05C /* FirebaseDatabase in Frameworks */ = {isa = PBXBuildFile; productRef = 6BEE81FF2AF11613009FA05C /* FirebaseDatabase */; };
		6BEE82022AF11613009FA05C /* FirebaseDatabaseSwift in Frameworks */ = {isa = PBXBuildFile; productRef = 6BEE82012AF11613009FA05C /* FirebaseDatabaseSwift */; };
		6BEE82042AF11613009FA05C /* FirebaseDynamicLinks in Frameworks */ = {isa = PBXBuildFile; productRef = 6BEE82032AF11613009FA05C /* FirebaseDynamicLinks */; };
		6BEE82062AF11613009FA05C /* FirebaseFirestore in Frameworks */ = {isa = PBXBuildFile; productRef = 6BEE82052AF11613009FA05C /* FirebaseFirestore */; };
		6BEE82082AF11613009FA05C /* FirebaseFirestoreCombine-Community in Frameworks */ = {isa = PBXBuildFile; productRef = 6BEE82072AF11613009FA05C /* FirebaseFirestoreCombine-Community */; };
		6BEE820A2AF11613009FA05C /* FirebaseFirestoreSwift in Frameworks */ = {isa = PBXBuildFile; productRef = 6BEE82092AF11613009FA05C /* FirebaseFirestoreSwift */; };
		6BEE820C2AF11613009FA05C /* FirebaseFunctions in Frameworks */ = {isa = PBXBuildFile; productRef = 6BEE820B2AF11613009FA05C /* FirebaseFunctions */; };
		6BEE820E2AF11613009FA05C /* FirebaseFunctionsCombine-Community in Frameworks */ = {isa = PBXBuildFile; productRef = 6BEE820D2AF11613009FA05C /* FirebaseFunctionsCombine-Community */; };
		6BEE82102AF11613009FA05C /* FirebaseInAppMessaging-Beta in Frameworks */ = {isa = PBXBuildFile; productRef = 6BEE820F2AF11613009FA05C /* FirebaseInAppMessaging-Beta */; };
		6BEE82122AF11613009FA05C /* FirebaseInAppMessagingSwift-Beta in Frameworks */ = {isa = PBXBuildFile; productRef = 6BEE82112AF11613009FA05C /* FirebaseInAppMessagingSwift-Beta */; };
		6BEE82142AF11613009FA05C /* FirebaseInstallations in Frameworks */ = {isa = PBXBuildFile; productRef = 6BEE82132AF11613009FA05C /* FirebaseInstallations */; };
		6BEE82162AF11613009FA05C /* FirebaseMLModelDownloader in Frameworks */ = {isa = PBXBuildFile; productRef = 6BEE82152AF11613009FA05C /* FirebaseMLModelDownloader */; };
		6BEE82182AF11613009FA05C /* FirebaseMessaging in Frameworks */ = {isa = PBXBuildFile; productRef = 6BEE82172AF11613009FA05C /* FirebaseMessaging */; };
		6BEE821A2AF11613009FA05C /* FirebasePerformance in Frameworks */ = {isa = PBXBuildFile; productRef = 6BEE82192AF11613009FA05C /* FirebasePerformance */; };
		6BEE821C2AF11613009FA05C /* FirebaseRemoteConfig in Frameworks */ = {isa = PBXBuildFile; productRef = 6BEE821B2AF11613009FA05C /* FirebaseRemoteConfig */; };
		6BEE821E2AF11613009FA05C /* FirebaseRemoteConfigSwift in Frameworks */ = {isa = PBXBuildFile; productRef = 6BEE821D2AF11613009FA05C /* FirebaseRemoteConfigSwift */; };
		6BEE82202AF11613009FA05C /* FirebaseStorage in Frameworks */ = {isa = PBXBuildFile; productRef = 6BEE821F2AF11613009FA05C /* FirebaseStorage */; };
		6BEE82222AF11613009FA05C /* FirebaseStorageCombine-Community in Frameworks */ = {isa = PBXBuildFile; productRef = 6BEE82212AF11613009FA05C /* FirebaseStorageCombine-Community */; };
		6BEE82262AF13193009FA05C /* GoogleService-Info.plist in Resources */ = {isa = PBXBuildFile; fileRef = 6BEE82252AF13193009FA05C /* GoogleService-Info.plist */; };
/* End PBXBuildFile section */

/* Begin PBXFileReference section */
		6B308B712AEA628B004C366F /* DetailViewController.swift */ = {isa = PBXFileReference; lastKnownFileType = sourcecode.swift; path = DetailViewController.swift; sourceTree = "<group>"; };
		6B308B732AEA8A5D004C366F /* AddContactViewController.swift */ = {isa = PBXFileReference; lastKnownFileType = sourcecode.swift; path = AddContactViewController.swift; sourceTree = "<group>"; };
		6B53A3652AE8EF1400FBCEA7 /* PhoneContacts.app */ = {isa = PBXFileReference; explicitFileType = wrapper.application; includeInIndex = 0; path = PhoneContacts.app; sourceTree = BUILT_PRODUCTS_DIR; };
		6B53A3682AE8EF1400FBCEA7 /* AppDelegate.swift */ = {isa = PBXFileReference; lastKnownFileType = sourcecode.swift; path = AppDelegate.swift; sourceTree = "<group>"; };
		6B53A36A2AE8EF1400FBCEA7 /* SceneDelegate.swift */ = {isa = PBXFileReference; lastKnownFileType = sourcecode.swift; path = SceneDelegate.swift; sourceTree = "<group>"; };
		6B53A36C2AE8EF1400FBCEA7 /* ViewController.swift */ = {isa = PBXFileReference; lastKnownFileType = sourcecode.swift; path = ViewController.swift; sourceTree = "<group>"; };
		6B53A36F2AE8EF1400FBCEA7 /* Base */ = {isa = PBXFileReference; lastKnownFileType = file.storyboard; name = Base; path = Base.lproj/Main.storyboard; sourceTree = "<group>"; };
		6B53A3722AE8EF1400FBCEA7 /* PhoneContacts.xcdatamodel */ = {isa = PBXFileReference; lastKnownFileType = wrapper.xcdatamodel; path = PhoneContacts.xcdatamodel; sourceTree = "<group>"; };
		6B53A3742AE8EF1400FBCEA7 /* Assets.xcassets */ = {isa = PBXFileReference; lastKnownFileType = folder.assetcatalog; path = Assets.xcassets; sourceTree = "<group>"; };
		6B53A3772AE8EF1400FBCEA7 /* Base */ = {isa = PBXFileReference; lastKnownFileType = file.storyboard; name = Base; path = Base.lproj/LaunchScreen.storyboard; sourceTree = "<group>"; };
		6B53A3792AE8EF1400FBCEA7 /* Info.plist */ = {isa = PBXFileReference; lastKnownFileType = text.plist.xml; path = Info.plist; sourceTree = "<group>"; };
		6B53A37F2AE8F25600FBCEA7 /* ContactsTableViewController.swift */ = {isa = PBXFileReference; lastKnownFileType = sourcecode.swift; path = ContactsTableViewController.swift; sourceTree = "<group>"; };
		6B53A3862AE8F56C00FBCEA7 /* ContactListView.swift */ = {isa = PBXFileReference; lastKnownFileType = sourcecode.swift; path = ContactListView.swift; sourceTree = "<group>"; };
		6B53A3882AE8FD4E00FBCEA7 /* ContactsManagerProtocol.swift */ = {isa = PBXFileReference; lastKnownFileType = sourcecode.swift; path = ContactsManagerProtocol.swift; sourceTree = "<group>"; };
		6B53A38A2AE8FD9200FBCEA7 /* ContactModel.swift */ = {isa = PBXFileReference; lastKnownFileType = sourcecode.swift; path = ContactModel.swift; sourceTree = "<group>"; };
		6B53A38C2AE8FE1300FBCEA7 /* JSONContactsManager.swift */ = {isa = PBXFileReference; lastKnownFileType = sourcecode.swift; path = JSONContactsManager.swift; sourceTree = "<group>"; };
		6B53A38E2AE8FEDA00FBCEA7 /* CoreDataContactsManager.swift */ = {isa = PBXFileReference; lastKnownFileType = sourcecode.swift; path = CoreDataContactsManager.swift; sourceTree = "<group>"; };
		6B53A3902AE8FEE300FBCEA7 /* FirebaseContactsManager.swift */ = {isa = PBXFileReference; lastKnownFileType = sourcecode.swift; path = FirebaseContactsManager.swift; sourceTree = "<group>"; };
		6B53A3922AE901C500FBCEA7 /* Resources.swift */ = {isa = PBXFileReference; lastKnownFileType = sourcecode.swift; path = Resources.swift; sourceTree = "<group>"; };
		6B99774D2AFE4F5000508D3A /* ContactDetailView.swift */ = {isa = PBXFileReference; lastKnownFileType = sourcecode.swift; path = ContactDetailView.swift; sourceTree = "<group>"; };
		6BEE81E82AEBCCFC009FA05C /* EditContactController.swift */ = {isa = PBXFileReference; lastKnownFileType = sourcecode.swift; path = EditContactController.swift; sourceTree = "<group>"; };
		6BEE82252AF13193009FA05C /* GoogleService-Info.plist */ = {isa = PBXFileReference; fileEncoding = 4; lastKnownFileType = text.plist.xml; path = "GoogleService-Info.plist"; sourceTree = "<group>"; };
/* End PBXFileReference section */

/* Begin PBXFrameworksBuildPhase section */
		6B53A3622AE8EF1400FBCEA7 /* Frameworks */ = {
			isa = PBXFrameworksBuildPhase;
			buildActionMask = 2147483647;
			files = (
				6BEE82002AF11613009FA05C /* FirebaseDatabase in Frameworks */,
				6BEE820E2AF11613009FA05C /* FirebaseFunctionsCombine-Community in Frameworks */,
				6BEE82062AF11613009FA05C /* FirebaseFirestore in Frameworks */,
				6BEE81F22AF11613009FA05C /* FirebaseAnalyticsSwift in Frameworks */,
				6BEE81EE2AF11613009FA05C /* FirebaseAnalytics in Frameworks */,
				6BEE81F02AF11613009FA05C /* FirebaseAnalyticsOnDeviceConversion in Frameworks */,
				6BEE82162AF11613009FA05C /* FirebaseMLModelDownloader in Frameworks */,
				6BEE820A2AF11613009FA05C /* FirebaseFirestoreSwift in Frameworks */,
				6BEE81F62AF11613009FA05C /* FirebaseAppCheck in Frameworks */,
				6BEE81F42AF11613009FA05C /* FirebaseAnalyticsWithoutAdIdSupport in Frameworks */,
				6BEE81FA2AF11613009FA05C /* FirebaseAuth in Frameworks */,
				6BEE81FE2AF11613009FA05C /* FirebaseCrashlytics in Frameworks */,
				6BEE821E2AF11613009FA05C /* FirebaseRemoteConfigSwift in Frameworks */,
				6BEE82102AF11613009FA05C /* FirebaseInAppMessaging-Beta in Frameworks */,
				6BEE82022AF11613009FA05C /* FirebaseDatabaseSwift in Frameworks */,
				6BEE820C2AF11613009FA05C /* FirebaseFunctions in Frameworks */,
				6BEE82222AF11613009FA05C /* FirebaseStorageCombine-Community in Frameworks */,
				6BEE821C2AF11613009FA05C /* FirebaseRemoteConfig in Frameworks */,
				6BEE81F82AF11613009FA05C /* FirebaseAppDistribution-Beta in Frameworks */,
				6BEE81FC2AF11613009FA05C /* FirebaseAuthCombine-Community in Frameworks */,
				6BEE821A2AF11613009FA05C /* FirebasePerformance in Frameworks */,
				6BEE82122AF11613009FA05C /* FirebaseInAppMessagingSwift-Beta in Frameworks */,
				6BEE82202AF11613009FA05C /* FirebaseStorage in Frameworks */,
				6BEE82042AF11613009FA05C /* FirebaseDynamicLinks in Frameworks */,
				6BEE82082AF11613009FA05C /* FirebaseFirestoreCombine-Community in Frameworks */,
				6BEE82182AF11613009FA05C /* FirebaseMessaging in Frameworks */,
				6BEE82142AF11613009FA05C /* FirebaseInstallations in Frameworks */,
			);
			runOnlyForDeploymentPostprocessing = 0;
		};
/* End PBXFrameworksBuildPhase section */

/* Begin PBXGroup section */
		6B53A35C2AE8EF1400FBCEA7 = {
			isa = PBXGroup;
			children = (
				6B53A3672AE8EF1400FBCEA7 /* PhoneContacts */,
				6B53A3662AE8EF1400FBCEA7 /* Products */,
			);
			sourceTree = "<group>";
		};
		6B53A3662AE8EF1400FBCEA7 /* Products */ = {
			isa = PBXGroup;
			children = (
				6B53A3652AE8EF1400FBCEA7 /* PhoneContacts.app */,
			);
			name = Products;
			sourceTree = "<group>";
		};
		6B53A3672AE8EF1400FBCEA7 /* PhoneContacts */ = {
			isa = PBXGroup;
			children = (
				6B53A3852AE8F2AC00FBCEA7 /* Data */,
				6B53A3842AE8F2A300FBCEA7 /* UIKit */,
				6B53A3832AE8F29900FBCEA7 /* SwiftUI */,
				6B53A3682AE8EF1400FBCEA7 /* AppDelegate.swift */,
				6B53A36A2AE8EF1400FBCEA7 /* SceneDelegate.swift */,
				6B53A36C2AE8EF1400FBCEA7 /* ViewController.swift */,
				6B53A36E2AE8EF1400FBCEA7 /* Main.storyboard */,
				6B53A3742AE8EF1400FBCEA7 /* Assets.xcassets */,
				6B53A3762AE8EF1400FBCEA7 /* LaunchScreen.storyboard */,
				6B53A3792AE8EF1400FBCEA7 /* Info.plist */,
				6B53A3712AE8EF1400FBCEA7 /* PhoneContacts.xcdatamodeld */,
				6B53A3922AE901C500FBCEA7 /* Resources.swift */,
				6BEE82252AF13193009FA05C /* GoogleService-Info.plist */,
			);
			path = PhoneContacts;
			sourceTree = "<group>";
		};
		6B53A3832AE8F29900FBCEA7 /* SwiftUI */ = {
			isa = PBXGroup;
			children = (
				6B53A3862AE8F56C00FBCEA7 /* ContactListView.swift */,
				6B99774D2AFE4F5000508D3A /* ContactDetailView.swift */,
			);
			path = SwiftUI;
			sourceTree = "<group>";
		};
		6B53A3842AE8F2A300FBCEA7 /* UIKit */ = {
			isa = PBXGroup;
			children = (
				6B53A37F2AE8F25600FBCEA7 /* ContactsTableViewController.swift */,
				6B308B712AEA628B004C366F /* DetailViewController.swift */,
				6B308B732AEA8A5D004C366F /* AddContactViewController.swift */,
				6BEE81E82AEBCCFC009FA05C /* EditContactController.swift */,
			);
			path = UIKit;
			sourceTree = "<group>";
		};
		6B53A3852AE8F2AC00FBCEA7 /* Data */ = {
			isa = PBXGroup;
			children = (
				6B53A3882AE8FD4E00FBCEA7 /* ContactsManagerProtocol.swift */,
				6B53A38A2AE8FD9200FBCEA7 /* ContactModel.swift */,
				6B53A38C2AE8FE1300FBCEA7 /* JSONContactsManager.swift */,
				6B53A38E2AE8FEDA00FBCEA7 /* CoreDataContactsManager.swift */,
				6B53A3902AE8FEE300FBCEA7 /* FirebaseContactsManager.swift */,
			);
			path = Data;
			sourceTree = "<group>";
		};
/* End PBXGroup section */

/* Begin PBXNativeTarget section */
		6B53A3642AE8EF1400FBCEA7 /* PhoneContacts */ = {
			isa = PBXNativeTarget;
			buildConfigurationList = 6B53A37C2AE8EF1400FBCEA7 /* Build configuration list for PBXNativeTarget "PhoneContacts" */;
			buildPhases = (
				6B53A3612AE8EF1400FBCEA7 /* Sources */,
				6B53A3622AE8EF1400FBCEA7 /* Frameworks */,
				6B53A3632AE8EF1400FBCEA7 /* Resources */,
			);
			buildRules = (
			);
			dependencies = (
			);
			name = PhoneContacts;
			packageProductDependencies = (
				6BEE81ED2AF11613009FA05C /* FirebaseAnalytics */,
				6BEE81EF2AF11613009FA05C /* FirebaseAnalyticsOnDeviceConversion */,
				6BEE81F12AF11613009FA05C /* FirebaseAnalyticsSwift */,
				6BEE81F32AF11613009FA05C /* FirebaseAnalyticsWithoutAdIdSupport */,
				6BEE81F52AF11613009FA05C /* FirebaseAppCheck */,
				6BEE81F72AF11613009FA05C /* FirebaseAppDistribution-Beta */,
				6BEE81F92AF11613009FA05C /* FirebaseAuth */,
				6BEE81FB2AF11613009FA05C /* FirebaseAuthCombine-Community */,
				6BEE81FD2AF11613009FA05C /* FirebaseCrashlytics */,
				6BEE81FF2AF11613009FA05C /* FirebaseDatabase */,
				6BEE82012AF11613009FA05C /* FirebaseDatabaseSwift */,
				6BEE82032AF11613009FA05C /* FirebaseDynamicLinks */,
				6BEE82052AF11613009FA05C /* FirebaseFirestore */,
				6BEE82072AF11613009FA05C /* FirebaseFirestoreCombine-Community */,
				6BEE82092AF11613009FA05C /* FirebaseFirestoreSwift */,
				6BEE820B2AF11613009FA05C /* FirebaseFunctions */,
				6BEE820D2AF11613009FA05C /* FirebaseFunctionsCombine-Community */,
				6BEE820F2AF11613009FA05C /* FirebaseInAppMessaging-Beta */,
				6BEE82112AF11613009FA05C /* FirebaseInAppMessagingSwift-Beta */,
				6BEE82132AF11613009FA05C /* FirebaseInstallations */,
				6BEE82152AF11613009FA05C /* FirebaseMLModelDownloader */,
				6BEE82172AF11613009FA05C /* FirebaseMessaging */,
				6BEE82192AF11613009FA05C /* FirebasePerformance */,
				6BEE821B2AF11613009FA05C /* FirebaseRemoteConfig */,
				6BEE821D2AF11613009FA05C /* FirebaseRemoteConfigSwift */,
				6BEE821F2AF11613009FA05C /* FirebaseStorage */,
				6BEE82212AF11613009FA05C /* FirebaseStorageCombine-Community */,
			);
			productName = PhoneContacts;
			productReference = 6B53A3652AE8EF1400FBCEA7 /* PhoneContacts.app */;
			productType = "com.apple.product-type.application";
		};
/* End PBXNativeTarget section */

/* Begin PBXProject section */
		6B53A35D2AE8EF1400FBCEA7 /* Project object */ = {
			isa = PBXProject;
			attributes = {
				BuildIndependentTargetsInParallel = 1;
				LastSwiftUpdateCheck = 1430;
				LastUpgradeCheck = 1430;
				TargetAttributes = {
					6B53A3642AE8EF1400FBCEA7 = {
						CreatedOnToolsVersion = 14.3.1;
					};
				};
			};
			buildConfigurationList = 6B53A3602AE8EF1400FBCEA7 /* Build configuration list for PBXProject "PhoneContacts" */;
			compatibilityVersion = "Xcode 14.0";
			developmentRegion = en;
			hasScannedForEncodings = 0;
			knownRegions = (
				en,
				Base,
			);
			mainGroup = 6B53A35C2AE8EF1400FBCEA7;
			packageReferences = (
				6BEE81EC2AF11613009FA05C /* XCRemoteSwiftPackageReference "firebase-ios-sdk" */,
			);
			productRefGroup = 6B53A3662AE8EF1400FBCEA7 /* Products */;
			projectDirPath = "";
			projectRoot = "";
			targets = (
				6B53A3642AE8EF1400FBCEA7 /* PhoneContacts */,
			);
		};
/* End PBXProject section */

/* Begin PBXResourcesBuildPhase section */
		6B53A3632AE8EF1400FBCEA7 /* Resources */ = {
			isa = PBXResourcesBuildPhase;
			buildActionMask = 2147483647;
			files = (
				6B53A3782AE8EF1400FBCEA7 /* LaunchScreen.storyboard in Resources */,
				6BEE82262AF13193009FA05C /* GoogleService-Info.plist in Resources */,
				6B53A3752AE8EF1400FBCEA7 /* Assets.xcassets in Resources */,
				6B53A3702AE8EF1400FBCEA7 /* Main.storyboard in Resources */,
			);
			runOnlyForDeploymentPostprocessing = 0;
		};
/* End PBXResourcesBuildPhase section */

/* Begin PBXSourcesBuildPhase section */
		6B53A3612AE8EF1400FBCEA7 /* Sources */ = {
			isa = PBXSourcesBuildPhase;
			buildActionMask = 2147483647;
			files = (
				6B308B722AEA628B004C366F /* DetailViewController.swift in Sources */,
				6B53A3912AE8FEE300FBCEA7 /* FirebaseContactsManager.swift in Sources */,
				6B53A3872AE8F56C00FBCEA7 /* ContactListView.swift in Sources */,
				6B53A36D2AE8EF1400FBCEA7 /* ViewController.swift in Sources */,
				6B53A38B2AE8FD9200FBCEA7 /* ContactModel.swift in Sources */,
				6B53A3692AE8EF1400FBCEA7 /* AppDelegate.swift in Sources */,
				6B53A3892AE8FD4E00FBCEA7 /* ContactsManagerProtocol.swift in Sources */,
				6B53A3802AE8F25600FBCEA7 /* ContactsTableViewController.swift in Sources */,
				6B53A36B2AE8EF1400FBCEA7 /* SceneDelegate.swift in Sources */,
				6B308B742AEA8A5D004C366F /* AddContactViewController.swift in Sources */,
				6B53A38D2AE8FE1300FBCEA7 /* JSONContactsManager.swift in Sources */,
				6B53A3932AE901C500FBCEA7 /* Resources.swift in Sources */,
				6B99774E2AFE4F5000508D3A /* ContactDetailView.swift in Sources */,
				6B53A3732AE8EF1400FBCEA7 /* PhoneContacts.xcdatamodeld in Sources */,
				6BEE81E92AEBCCFC009FA05C /* EditContactController.swift in Sources */,
				6B53A38F2AE8FEDA00FBCEA7 /* CoreDataContactsManager.swift in Sources */,
			);
			runOnlyForDeploymentPostprocessing = 0;
		};
/* End PBXSourcesBuildPhase section */

/* Begin PBXVariantGroup section */
		6B53A36E2AE8EF1400FBCEA7 /* Main.storyboard */ = {
			isa = PBXVariantGroup;
			children = (
				6B53A36F2AE8EF1400FBCEA7 /* Base */,
			);
			name = Main.storyboard;
			sourceTree = "<group>";
		};
		6B53A3762AE8EF1400FBCEA7 /* LaunchScreen.storyboard */ = {
			isa = PBXVariantGroup;
			children = (
				6B53A3772AE8EF1400FBCEA7 /* Base */,
			);
			name = LaunchScreen.storyboard;
			sourceTree = "<group>";
		};
/* End PBXVariantGroup section */

/* Begin XCBuildConfiguration section */
		6B53A37A2AE8EF1400FBCEA7 /* Debug */ = {
			isa = XCBuildConfiguration;
			buildSettings = {
				ALWAYS_SEARCH_USER_PATHS = NO;
				CLANG_ANALYZER_NONNULL = YES;
				CLANG_ANALYZER_NUMBER_OBJECT_CONVERSION = YES_AGGRESSIVE;
				CLANG_CXX_LANGUAGE_STANDARD = "gnu++20";
				CLANG_ENABLE_MODULES = YES;
				CLANG_ENABLE_OBJC_ARC = YES;
				CLANG_ENABLE_OBJC_WEAK = YES;
				CLANG_WARN_BLOCK_CAPTURE_AUTORELEASING = YES;
				CLANG_WARN_BOOL_CONVERSION = YES;
				CLANG_WARN_COMMA = YES;
				CLANG_WARN_CONSTANT_CONVERSION = YES;
				CLANG_WARN_DEPRECATED_OBJC_IMPLEMENTATIONS = YES;
				CLANG_WARN_DIRECT_OBJC_ISA_USAGE = YES_ERROR;
				CLANG_WARN_DOCUMENTATION_COMMENTS = YES;
				CLANG_WARN_EMPTY_BODY = YES;
				CLANG_WARN_ENUM_CONVERSION = YES;
				CLANG_WARN_INFINITE_RECURSION = YES;
				CLANG_WARN_INT_CONVERSION = YES;
				CLANG_WARN_NON_LITERAL_NULL_CONVERSION = YES;
				CLANG_WARN_OBJC_IMPLICIT_RETAIN_SELF = YES;
				CLANG_WARN_OBJC_LITERAL_CONVERSION = YES;
				CLANG_WARN_OBJC_ROOT_CLASS = YES_ERROR;
				CLANG_WARN_QUOTED_INCLUDE_IN_FRAMEWORK_HEADER = YES;
				CLANG_WARN_RANGE_LOOP_ANALYSIS = YES;
				CLANG_WARN_STRICT_PROTOTYPES = YES;
				CLANG_WARN_SUSPICIOUS_MOVE = YES;
				CLANG_WARN_UNGUARDED_AVAILABILITY = YES_AGGRESSIVE;
				CLANG_WARN_UNREACHABLE_CODE = YES;
				CLANG_WARN__DUPLICATE_METHOD_MATCH = YES;
				COPY_PHASE_STRIP = NO;
				DEBUG_INFORMATION_FORMAT = dwarf;
				ENABLE_STRICT_OBJC_MSGSEND = YES;
				ENABLE_TESTABILITY = YES;
				GCC_C_LANGUAGE_STANDARD = gnu11;
				GCC_DYNAMIC_NO_PIC = NO;
				GCC_NO_COMMON_BLOCKS = YES;
				GCC_OPTIMIZATION_LEVEL = 0;
				GCC_PREPROCESSOR_DEFINITIONS = (
					"DEBUG=1",
					"$(inherited)",
				);
				GCC_WARN_64_TO_32_BIT_CONVERSION = YES;
				GCC_WARN_ABOUT_RETURN_TYPE = YES_ERROR;
				GCC_WARN_UNDECLARED_SELECTOR = YES;
				GCC_WARN_UNINITIALIZED_AUTOS = YES_AGGRESSIVE;
				GCC_WARN_UNUSED_FUNCTION = YES;
				GCC_WARN_UNUSED_VARIABLE = YES;
				IPHONEOS_DEPLOYMENT_TARGET = 16.4;
				MTL_ENABLE_DEBUG_INFO = INCLUDE_SOURCE;
				MTL_FAST_MATH = YES;
				ONLY_ACTIVE_ARCH = YES;
				SDKROOT = iphoneos;
				SWIFT_ACTIVE_COMPILATION_CONDITIONS = DEBUG;
				SWIFT_OPTIMIZATION_LEVEL = "-Onone";
			};
			name = Debug;
		};
		6B53A37B2AE8EF1400FBCEA7 /* Release */ = {
			isa = XCBuildConfiguration;
			buildSettings = {
				ALWAYS_SEARCH_USER_PATHS = NO;
				CLANG_ANALYZER_NONNULL = YES;
				CLANG_ANALYZER_NUMBER_OBJECT_CONVERSION = YES_AGGRESSIVE;
				CLANG_CXX_LANGUAGE_STANDARD = "gnu++20";
				CLANG_ENABLE_MODULES = YES;
				CLANG_ENABLE_OBJC_ARC = YES;
				CLANG_ENABLE_OBJC_WEAK = YES;
				CLANG_WARN_BLOCK_CAPTURE_AUTORELEASING = YES;
				CLANG_WARN_BOOL_CONVERSION = YES;
				CLANG_WARN_COMMA = YES;
				CLANG_WARN_CONSTANT_CONVERSION = YES;
				CLANG_WARN_DEPRECATED_OBJC_IMPLEMENTATIONS = YES;
				CLANG_WARN_DIRECT_OBJC_ISA_USAGE = YES_ERROR;
				CLANG_WARN_DOCUMENTATION_COMMENTS = YES;
				CLANG_WARN_EMPTY_BODY = YES;
				CLANG_WARN_ENUM_CONVERSION = YES;
				CLANG_WARN_INFINITE_RECURSION = YES;
				CLANG_WARN_INT_CONVERSION = YES;
				CLANG_WARN_NON_LITERAL_NULL_CONVERSION = YES;
				CLANG_WARN_OBJC_IMPLICIT_RETAIN_SELF = YES;
				CLANG_WARN_OBJC_LITERAL_CONVERSION = YES;
				CLANG_WARN_OBJC_ROOT_CLASS = YES_ERROR;
				CLANG_WARN_QUOTED_INCLUDE_IN_FRAMEWORK_HEADER = YES;
				CLANG_WARN_RANGE_LOOP_ANALYSIS = YES;
				CLANG_WARN_STRICT_PROTOTYPES = YES;
				CLANG_WARN_SUSPICIOUS_MOVE = YES;
				CLANG_WARN_UNGUARDED_AVAILABILITY = YES_AGGRESSIVE;
				CLANG_WARN_UNREACHABLE_CODE = YES;
				CLANG_WARN__DUPLICATE_METHOD_MATCH = YES;
				COPY_PHASE_STRIP = NO;
				DEBUG_INFORMATION_FORMAT = "dwarf-with-dsym";
				ENABLE_NS_ASSERTIONS = NO;
				ENABLE_STRICT_OBJC_MSGSEND = YES;
				GCC_C_LANGUAGE_STANDARD = gnu11;
				GCC_NO_COMMON_BLOCKS = YES;
				GCC_WARN_64_TO_32_BIT_CONVERSION = YES;
				GCC_WARN_ABOUT_RETURN_TYPE = YES_ERROR;
				GCC_WARN_UNDECLARED_SELECTOR = YES;
				GCC_WARN_UNINITIALIZED_AUTOS = YES_AGGRESSIVE;
				GCC_WARN_UNUSED_FUNCTION = YES;
				GCC_WARN_UNUSED_VARIABLE = YES;
				IPHONEOS_DEPLOYMENT_TARGET = 16.4;
				MTL_ENABLE_DEBUG_INFO = NO;
				MTL_FAST_MATH = YES;
				SDKROOT = iphoneos;
				SWIFT_COMPILATION_MODE = wholemodule;
				SWIFT_OPTIMIZATION_LEVEL = "-O";
				VALIDATE_PRODUCT = YES;
			};
			name = Release;
		};
		6B53A37D2AE8EF1400FBCEA7 /* Debug */ = {
			isa = XCBuildConfiguration;
			buildSettings = {
				ASSETCATALOG_COMPILER_APPICON_NAME = AppIcon;
				ASSETCATALOG_COMPILER_GLOBAL_ACCENT_COLOR_NAME = AccentColor;
				CODE_SIGN_STYLE = Automatic;
				CURRENT_PROJECT_VERSION = 1;
				DEVELOPMENT_TEAM = H49JJ6S677;
				GENERATE_INFOPLIST_FILE = YES;
				INFOPLIST_FILE = PhoneContacts/Info.plist;
				INFOPLIST_KEY_UIApplicationSupportsIndirectInputEvents = YES;
				INFOPLIST_KEY_UILaunchStoryboardName = LaunchScreen;
				INFOPLIST_KEY_UIMainStoryboardFile = Main;
				INFOPLIST_KEY_UISupportedInterfaceOrientations_iPad = "UIInterfaceOrientationPortrait UIInterfaceOrientationPortraitUpsideDown UIInterfaceOrientationLandscapeLeft UIInterfaceOrientationLandscapeRight";
				INFOPLIST_KEY_UISupportedInterfaceOrientations_iPhone = "UIInterfaceOrientationPortrait UIInterfaceOrientationLandscapeLeft UIInterfaceOrientationLandscapeRight";
				LD_RUNPATH_SEARCH_PATHS = (
					"$(inherited)",
					"@executable_path/Frameworks",
				);
				MARKETING_VERSION = 1.0;
				PRODUCT_BUNDLE_IDENTIFIER = com.vinisoft.PhoneContacts;
				PRODUCT_NAME = "$(TARGET_NAME)";
				SWIFT_EMIT_LOC_STRINGS = YES;
				SWIFT_VERSION = 5.0;
				TARGETED_DEVICE_FAMILY = "1,2";
			};
			name = Debug;
		};
		6B53A37E2AE8EF1400FBCEA7 /* Release */ = {
			isa = XCBuildConfiguration;
			buildSettings = {
				ASSETCATALOG_COMPILER_APPICON_NAME = AppIcon;
				ASSETCATALOG_COMPILER_GLOBAL_ACCENT_COLOR_NAME = AccentColor;
				CODE_SIGN_STYLE = Automatic;
				CURRENT_PROJECT_VERSION = 1;
				DEVELOPMENT_TEAM = H49JJ6S677;
				GENERATE_INFOPLIST_FILE = YES;
				INFOPLIST_FILE = PhoneContacts/Info.plist;
				INFOPLIST_KEY_UIApplicationSupportsIndirectInputEvents = YES;
				INFOPLIST_KEY_UILaunchStoryboardName = LaunchScreen;
				INFOPLIST_KEY_UIMainStoryboardFile = Main;
				INFOPLIST_KEY_UISupportedInterfaceOrientations_iPad = "UIInterfaceOrientationPortrait UIInterfaceOrientationPortraitUpsideDown UIInterfaceOrientationLandscapeLeft UIInterfaceOrientationLandscapeRight";
				INFOPLIST_KEY_UISupportedInterfaceOrientations_iPhone = "UIInterfaceOrientationPortrait UIInterfaceOrientationLandscapeLeft UIInterfaceOrientationLandscapeRight";
				LD_RUNPATH_SEARCH_PATHS = (
					"$(inherited)",
					"@executable_path/Frameworks",
				);
				MARKETING_VERSION = 1.0;
				PRODUCT_BUNDLE_IDENTIFIER = com.vinisoft.PhoneContacts;
				PRODUCT_NAME = "$(TARGET_NAME)";
				SWIFT_EMIT_LOC_STRINGS = YES;
				SWIFT_VERSION = 5.0;
				TARGETED_DEVICE_FAMILY = "1,2";
			};
			name = Release;
		};
/* End XCBuildConfiguration section */

/* Begin XCConfigurationList section */
		6B53A3602AE8EF1400FBCEA7 /* Build configuration list for PBXProject "PhoneContacts" */ = {
			isa = XCConfigurationList;
			buildConfigurations = (
				6B53A37A2AE8EF1400FBCEA7 /* Debug */,
				6B53A37B2AE8EF1400FBCEA7 /* Release */,
			);
			defaultConfigurationIsVisible = 0;
			defaultConfigurationName = Release;
		};
		6B53A37C2AE8EF1400FBCEA7 /* Build configuration list for PBXNativeTarget "PhoneContacts" */ = {
			isa = XCConfigurationList;
			buildConfigurations = (
				6B53A37D2AE8EF1400FBCEA7 /* Debug */,
				6B53A37E2AE8EF1400FBCEA7 /* Release */,
			);
			defaultConfigurationIsVisible = 0;
			defaultConfigurationName = Release;
		};
/* End XCConfigurationList section */

/* Begin XCRemoteSwiftPackageReference section */
		6BEE81EC2AF11613009FA05C /* XCRemoteSwiftPackageReference "firebase-ios-sdk" */ = {
			isa = XCRemoteSwiftPackageReference;
			repositoryURL = "https://github.com/firebase/firebase-ios-sdk";
			requirement = {
				kind = upToNextMajorVersion;
				minimumVersion = 10.17.0;
			};
		};
/* End XCRemoteSwiftPackageReference section */

/* Begin XCSwiftPackageProductDependency section */
		6BEE81ED2AF11613009FA05C /* FirebaseAnalytics */ = {
			isa = XCSwiftPackageProductDependency;
			package = 6BEE81EC2AF11613009FA05C /* XCRemoteSwiftPackageReference "firebase-ios-sdk" */;
			productName = FirebaseAnalytics;
		};
		6BEE81EF2AF11613009FA05C /* FirebaseAnalyticsOnDeviceConversion */ = {
			isa = XCSwiftPackageProductDependency;
			package = 6BEE81EC2AF11613009FA05C /* XCRemoteSwiftPackageReference "firebase-ios-sdk" */;
			productName = FirebaseAnalyticsOnDeviceConversion;
		};
		6BEE81F12AF11613009FA05C /* FirebaseAnalyticsSwift */ = {
			isa = XCSwiftPackageProductDependency;
			package = 6BEE81EC2AF11613009FA05C /* XCRemoteSwiftPackageReference "firebase-ios-sdk" */;
			productName = FirebaseAnalyticsSwift;
		};
		6BEE81F32AF11613009FA05C /* FirebaseAnalyticsWithoutAdIdSupport */ = {
			isa = XCSwiftPackageProductDependency;
			package = 6BEE81EC2AF11613009FA05C /* XCRemoteSwiftPackageReference "firebase-ios-sdk" */;
			productName = FirebaseAnalyticsWithoutAdIdSupport;
		};
		6BEE81F52AF11613009FA05C /* FirebaseAppCheck */ = {
			isa = XCSwiftPackageProductDependency;
			package = 6BEE81EC2AF11613009FA05C /* XCRemoteSwiftPackageReference "firebase-ios-sdk" */;
			productName = FirebaseAppCheck;
		};
		6BEE81F72AF11613009FA05C /* FirebaseAppDistribution-Beta */ = {
			isa = XCSwiftPackageProductDependency;
			package = 6BEE81EC2AF11613009FA05C /* XCRemoteSwiftPackageReference "firebase-ios-sdk" */;
			productName = "FirebaseAppDistribution-Beta";
		};
		6BEE81F92AF11613009FA05C /* FirebaseAuth */ = {
			isa = XCSwiftPackageProductDependency;
			package = 6BEE81EC2AF11613009FA05C /* XCRemoteSwiftPackageReference "firebase-ios-sdk" */;
			productName = FirebaseAuth;
		};
		6BEE81FB2AF11613009FA05C /* FirebaseAuthCombine-Community */ = {
			isa = XCSwiftPackageProductDependency;
			package = 6BEE81EC2AF11613009FA05C /* XCRemoteSwiftPackageReference "firebase-ios-sdk" */;
			productName = "FirebaseAuthCombine-Community";
		};
		6BEE81FD2AF11613009FA05C /* FirebaseCrashlytics */ = {
			isa = XCSwiftPackageProductDependency;
			package = 6BEE81EC2AF11613009FA05C /* XCRemoteSwiftPackageReference "firebase-ios-sdk" */;
			productName = FirebaseCrashlytics;
		};
		6BEE81FF2AF11613009FA05C /* FirebaseDatabase */ = {
			isa = XCSwiftPackageProductDependency;
			package = 6BEE81EC2AF11613009FA05C /* XCRemoteSwiftPackageReference "firebase-ios-sdk" */;
			productName = FirebaseDatabase;
		};
		6BEE82012AF11613009FA05C /* FirebaseDatabaseSwift */ = {
			isa = XCSwiftPackageProductDependency;
			package = 6BEE81EC2AF11613009FA05C /* XCRemoteSwiftPackageReference "firebase-ios-sdk" */;
			productName = FirebaseDatabaseSwift;
		};
		6BEE82032AF11613009FA05C /* FirebaseDynamicLinks */ = {
			isa = XCSwiftPackageProductDependency;
			package = 6BEE81EC2AF11613009FA05C /* XCRemoteSwiftPackageReference "firebase-ios-sdk" */;
			productName = FirebaseDynamicLinks;
		};
		6BEE82052AF11613009FA05C /* FirebaseFirestore */ = {
			isa = XCSwiftPackageProductDependency;
			package = 6BEE81EC2AF11613009FA05C /* XCRemoteSwiftPackageReference "firebase-ios-sdk" */;
			productName = FirebaseFirestore;
		};
		6BEE82072AF11613009FA05C /* FirebaseFirestoreCombine-Community */ = {
			isa = XCSwiftPackageProductDependency;
			package = 6BEE81EC2AF11613009FA05C /* XCRemoteSwiftPackageReference "firebase-ios-sdk" */;
			productName = "FirebaseFirestoreCombine-Community";
		};
		6BEE82092AF11613009FA05C /* FirebaseFirestoreSwift */ = {
			isa = XCSwiftPackageProductDependency;
			package = 6BEE81EC2AF11613009FA05C /* XCRemoteSwiftPackageReference "firebase-ios-sdk" */;
			productName = FirebaseFirestoreSwift;
		};
		6BEE820B2AF11613009FA05C /* FirebaseFunctions */ = {
			isa = XCSwiftPackageProductDependency;
			package = 6BEE81EC2AF11613009FA05C /* XCRemoteSwiftPackageReference "firebase-ios-sdk" */;
			productName = FirebaseFunctions;
		};
		6BEE820D2AF11613009FA05C /* FirebaseFunctionsCombine-Community */ = {
			isa = XCSwiftPackageProductDependency;
			package = 6BEE81EC2AF11613009FA05C /* XCRemoteSwiftPackageReference "firebase-ios-sdk" */;
			productName = "FirebaseFunctionsCombine-Community";
		};
		6BEE820F2AF11613009FA05C /* FirebaseInAppMessaging-Beta */ = {
			isa = XCSwiftPackageProductDependency;
			package = 6BEE81EC2AF11613009FA05C /* XCRemoteSwiftPackageReference "firebase-ios-sdk" */;
			productName = "FirebaseInAppMessaging-Beta";
		};
		6BEE82112AF11613009FA05C /* FirebaseInAppMessagingSwift-Beta */ = {
			isa = XCSwiftPackageProductDependency;
			package = 6BEE81EC2AF11613009FA05C /* XCRemoteSwiftPackageReference "firebase-ios-sdk" */;
			productName = "FirebaseInAppMessagingSwift-Beta";
		};
		6BEE82132AF11613009FA05C /* FirebaseInstallations */ = {
			isa = XCSwiftPackageProductDependency;
			package = 6BEE81EC2AF11613009FA05C /* XCRemoteSwiftPackageReference "firebase-ios-sdk" */;
			productName = FirebaseInstallations;
		};
		6BEE82152AF11613009FA05C /* FirebaseMLModelDownloader */ = {
			isa = XCSwiftPackageProductDependency;
			package = 6BEE81EC2AF11613009FA05C /* XCRemoteSwiftPackageReference "firebase-ios-sdk" */;
			productName = FirebaseMLModelDownloader;
		};
		6BEE82172AF11613009FA05C /* FirebaseMessaging */ = {
			isa = XCSwiftPackageProductDependency;
			package = 6BEE81EC2AF11613009FA05C /* XCRemoteSwiftPackageReference "firebase-ios-sdk" */;
			productName = FirebaseMessaging;
		};
		6BEE82192AF11613009FA05C /* FirebasePerformance */ = {
			isa = XCSwiftPackageProductDependency;
			package = 6BEE81EC2AF11613009FA05C /* XCRemoteSwiftPackageReference "firebase-ios-sdk" */;
			productName = FirebasePerformance;
		};
		6BEE821B2AF11613009FA05C /* FirebaseRemoteConfig */ = {
			isa = XCSwiftPackageProductDependency;
			package = 6BEE81EC2AF11613009FA05C /* XCRemoteSwiftPackageReference "firebase-ios-sdk" */;
			productName = FirebaseRemoteConfig;
		};
		6BEE821D2AF11613009FA05C /* FirebaseRemoteConfigSwift */ = {
			isa = XCSwiftPackageProductDependency;
			package = 6BEE81EC2AF11613009FA05C /* XCRemoteSwiftPackageReference "firebase-ios-sdk" */;
			productName = FirebaseRemoteConfigSwift;
		};
		6BEE821F2AF11613009FA05C /* FirebaseStorage */ = {
			isa = XCSwiftPackageProductDependency;
			package = 6BEE81EC2AF11613009FA05C /* XCRemoteSwiftPackageReference "firebase-ios-sdk" */;
			productName = FirebaseStorage;
		};
		6BEE82212AF11613009FA05C /* FirebaseStorageCombine-Community */ = {
			isa = XCSwiftPackageProductDependency;
			package = 6BEE81EC2AF11613009FA05C /* XCRemoteSwiftPackageReference "firebase-ios-sdk" */;
			productName = "FirebaseStorageCombine-Community";
		};
/* End XCSwiftPackageProductDependency section */

/* Begin XCVersionGroup section */
		6B53A3712AE8EF1400FBCEA7 /* PhoneContacts.xcdatamodeld */ = {
			isa = XCVersionGroup;
			children = (
				6B53A3722AE8EF1400FBCEA7 /* PhoneContacts.xcdatamodel */,
			);
			currentVersion = 6B53A3722AE8EF1400FBCEA7 /* PhoneContacts.xcdatamodel */;
			path = PhoneContacts.xcdatamodeld;
			sourceTree = "<group>";
			versionGroupType = wrapper.xcdatamodel;
		};
/* End XCVersionGroup section */
	};
	rootObject = 6B53A35D2AE8EF1400FBCEA7 /* Project object */;
}
